
Microsoft Visual Studio Solution File, Format Version 9.00
# Visual Studio 2005
Project("{8BC9CEB8-8B4A-11D0-8D11-00A0C91BC942}") = "TbxEventLogSource", "TbxEventLogSource\TbxEventLogSource.vcproj", "{8CD60D64-58D7-4E31-A548-A74B2B4B4643}"
EndProject
Global
	GlobalSection(SolutionConfigurationPlatforms) = preSolution
		Debug|Win32 = Debug|Win32
		Release|Win32 = Release|Win32
	EndGlobalSection
	GlobalSection(ProjectConfigurationPlatforms) = postSolution
		{8CD60D64-58D7-4E31-A548-A74B2B4B4643}.Debug|Win32.ActiveCfg = Debug|Win32
		{8CD60D64-58D7-4E31-A548-A74B2B4B4643}.Debug|Win32.Build.0 = Debug|Win32
		{8CD60D64-58D7-4E31-A548-A74B2B4B4643}.Release|Win32.ActiveCfg = Release|Win32
		{8CD60D64-58D7-4E31-A548-A74B2B4B4643}.Release|Win32.Build.0 = Release|Win32
	EndGlobalSection
	GlobalSection(SolutionProperties) = preSolution
		HideSolutionNode = FALSE
	EndGlobalSection
EndGlobal
